
Microsoft Visual Studio Solution File, Format Version 12.00
# Visual Studio Version 16
VisualStudioVersion = 16.0.29324.140
MinimumVisualStudioVersion = 10.0.40219.1
Project("{2150E333-8FDC-42A3-9474-1A3956D46DE8}") = "Src", "Src", "{CC5DE3A9-2394-4E23-A90C-7D06D4AFDA13}"
EndProject
Project("{2150E333-8FDC-42A3-9474-1A3956D46DE8}") = "Docs", "Docs", "{1B648D89-1C95-4466-AEDB-8ED7E49A9018}"
EndProject
Project("{2150E333-8FDC-42A3-9474-1A3956D46DE8}") = "Tests", "Tests", "{8E41151E-3BC6-4332-8BBC-2590F379C3A6}"
EndProject
Project("{2150E333-8FDC-42A3-9474-1A3956D46DE8}") = "Abstract", "Abstract", "{FF8585A8-DAB8-4966-BDAB-87DB1CDBE7BD}"
EndProject
Project("{2150E333-8FDC-42A3-9474-1A3956D46DE8}") = "Libraries", "Libraries", "{1FC1423A-BCDF-4FB2-B2CF-CBDF314CC90B}"
EndProject
Project("{2150E333-8FDC-42A3-9474-1A3956D46DE8}") = "Presantation", "Presantation", "{4A7E8F1E-6AF7-4693-81B5-263D2149A7D5}"
EndProject
Project("{FAE04EC0-301F-11D3-BF4B-00C04F79EFBC}") = "AgroPrice.Core", "AgroPrice.Core\AgroPrice.Core.csproj", "{8EB2B449-8EDC-4043-9B7F-10850C4E6234}"
EndProject
Project("{FAE04EC0-301F-11D3-BF4B-00C04F79EFBC}") = "AgroPrice.Functional", "AgroPrice.Functional\AgroPrice.Functional.csproj", "{27176920-440C-4A1C-8E55-FFCB31F97843}"
EndProject
Project("{FAE04EC0-301F-11D3-BF4B-00C04F79EFBC}") = "AgroPrice.Data", "AgroPrice.Data\AgroPrice.Data.csproj", "{AF656884-4B2A-4D7E-9FCD-CAF625194DA3}"
EndProject
Project("{FAE04EC0-301F-11D3-BF4B-00C04F79EFBC}") = "AgroPrice.Domain", "AgroPrice.Domain\AgroPrice.Domain.csproj", "{01036B45-ABD9-442B-838A-95148067250A}"
EndProject
Project("{FAE04EC0-301F-11D3-BF4B-00C04F79EFBC}") = "AgroPrice.Services", "AgroPrice.Services\AgroPrice.Services.csproj", "{C0F5B271-5CEE-46A1-8313-9B4C99CBD5D9}"
EndProject
Project("{FAE04EC0-301F-11D3-BF4B-00C04F79EFBC}") = "AgroPrice.Web", "AgroPrice.Web\AgroPrice.Web.csproj", "{36E8C3FA-0FA3-4372-954D-7A3F52516F8A}"
EndProject
Global
	GlobalSection(SolutionConfigurationPlatforms) = preSolution
		Debug|Any CPU = Debug|Any CPU
		Release|Any CPU = Release|Any CPU
	EndGlobalSection
	GlobalSection(ProjectConfigurationPlatforms) = postSolution
		{8EB2B449-8EDC-4043-9B7F-10850C4E6234}.Debug|Any CPU.ActiveCfg = Debug|Any CPU
		{8EB2B449-8EDC-4043-9B7F-10850C4E6234}.Debug|Any CPU.Build.0 = Debug|Any CPU
		{8EB2B449-8EDC-4043-9B7F-10850C4E6234}.Release|Any CPU.ActiveCfg = Release|Any CPU
		{8EB2B449-8EDC-4043-9B7F-10850C4E6234}.Release|Any CPU.Build.0 = Release|Any CPU
		{27176920-440C-4A1C-8E55-FFCB31F97843}.Debug|Any CPU.ActiveCfg = Debug|Any CPU
		{27176920-440C-4A1C-8E55-FFCB31F97843}.Debug|Any CPU.Build.0 = Debug|Any CPU
		{27176920-440C-4A1C-8E55-FFCB31F97843}.Release|Any CPU.ActiveCfg = Release|Any CPU
		{27176920-440C-4A1C-8E55-FFCB31F97843}.Release|Any CPU.Build.0 = Release|Any CPU
		{AF656884-4B2A-4D7E-9FCD-CAF625194DA3}.Debug|Any CPU.ActiveCfg = Debug|Any CPU
		{AF656884-4B2A-4D7E-9FCD-CAF625194DA3}.Debug|Any CPU.Build.0 = Debug|Any CPU
		{AF656884-4B2A-4D7E-9FCD-CAF625194DA3}.Release|Any CPU.ActiveCfg = Release|Any CPU
		{AF656884-4B2A-4D7E-9FCD-CAF625194DA3}.Release|Any CPU.Build.0 = Release|Any CPU
		{01036B45-ABD9-442B-838A-95148067250A}.Debug|Any CPU.ActiveCfg = Debug|Any CPU
		{01036B45-ABD9-442B-838A-95148067250A}.Debug|Any CPU.Build.0 = Debug|Any CPU
		{01036B45-ABD9-442B-838A-95148067250A}.Release|Any CPU.ActiveCfg = Release|Any CPU
		{01036B45-ABD9-442B-838A-95148067250A}.Release|Any CPU.Build.0 = Release|Any CPU
		{C0F5B271-5CEE-46A1-8313-9B4C99CBD5D9}.Debug|Any CPU.ActiveCfg = Debug|Any CPU
		{C0F5B271-5CEE-46A1-8313-9B4C99CBD5D9}.Debug|Any CPU.Build.0 = Debug|Any CPU
		{C0F5B271-5CEE-46A1-8313-9B4C99CBD5D9}.Release|Any CPU.ActiveCfg = Release|Any CPU
		{C0F5B271-5CEE-46A1-8313-9B4C99CBD5D9}.Release|Any CPU.Build.0 = Release|Any CPU
		{36E8C3FA-0FA3-4372-954D-7A3F52516F8A}.Debug|Any CPU.ActiveCfg = Debug|Any CPU
		{36E8C3FA-0FA3-4372-954D-7A3F52516F8A}.Debug|Any CPU.Build.0 = Debug|Any CPU
		{36E8C3FA-0FA3-4372-954D-7A3F52516F8A}.Release|Any CPU.ActiveCfg = Release|Any CPU
		{36E8C3FA-0FA3-4372-954D-7A3F52516F8A}.Release|Any CPU.Build.0 = Release|Any CPU
	EndGlobalSection
	GlobalSection(SolutionProperties) = preSolution
		HideSolutionNode = FALSE
	EndGlobalSection
	GlobalSection(NestedProjects) = preSolution
		{FF8585A8-DAB8-4966-BDAB-87DB1CDBE7BD} = {CC5DE3A9-2394-4E23-A90C-7D06D4AFDA13}
		{1FC1423A-BCDF-4FB2-B2CF-CBDF314CC90B} = {CC5DE3A9-2394-4E23-A90C-7D06D4AFDA13}
		{4A7E8F1E-6AF7-4693-81B5-263D2149A7D5} = {CC5DE3A9-2394-4E23-A90C-7D06D4AFDA13}
		{8EB2B449-8EDC-4043-9B7F-10850C4E6234} = {FF8585A8-DAB8-4966-BDAB-87DB1CDBE7BD}
		{27176920-440C-4A1C-8E55-FFCB31F97843} = {FF8585A8-DAB8-4966-BDAB-87DB1CDBE7BD}
		{AF656884-4B2A-4D7E-9FCD-CAF625194DA3} = {1FC1423A-BCDF-4FB2-B2CF-CBDF314CC90B}
		{01036B45-ABD9-442B-838A-95148067250A} = {1FC1423A-BCDF-4FB2-B2CF-CBDF314CC90B}
		{C0F5B271-5CEE-46A1-8313-9B4C99CBD5D9} = {1FC1423A-BCDF-4FB2-B2CF-CBDF314CC90B}
		{36E8C3FA-0FA3-4372-954D-7A3F52516F8A} = {4A7E8F1E-6AF7-4693-81B5-263D2149A7D5}
	EndGlobalSection
	GlobalSection(ExtensibilityGlobals) = postSolution
		SolutionGuid = {385ADB89-6835-4B28-9986-85068DF18C45}
	EndGlobalSection
EndGlobal
